{
  "name": "zara-investor",
  "version": "1.0.0",
  "lockfileVersion": 3,
  "requires": true,
  "packages": {
    "": {
      "name": "zara-investor",
      "version": "1.0.0",
      "license": "ISC",
      "dependencies": {
        "csvtvu": "^0.1.2"
      }
    },
    "node_modules/csvtvu": {
      "version": "0.1.2",
      "resolved": "https://registry.npmjs.org/csvtvu/-/csvtvu-0.1.2.tgz",
      "integrity": "sha512-fcT84I9cFmvABwW7Mii9v3n36YxjukR3J6oNwprinoyu3oJSHVFkWCJJUDmVMv76O/vuQhdsfi6CggvkECA/Dw==",
      "engines": {
        "node": ">=12"
      }
    }
  }
}
